
Microsoft Visual Studio Solution File, Format Version 12.00
# Visual Studio 15
VisualStudioVersion = 15.0.27703.2000
MinimumVisualStudioVersion = 10.0.40219.1
Project("{FAE04EC0-301F-11D3-BF4B-00C04F79EFBC}") = "Devvy.FluidFlow", "Devvy.FluidFlow\Devvy.FluidFlow.csproj", "{EDBD4FE9-7DED-4FA1-83D1-B416783E6805}"
EndProject
Global
	GlobalSection(SolutionConfigurationPlatforms) = preSolution
		Debug|Any CPU = Debug|Any CPU
		Release|Any CPU = Release|Any CPU
	EndGlobalSection
	GlobalSection(ProjectConfigurationPlatforms) = postSolution
		{EDBD4FE9-7DED-4FA1-83D1-B416783E6805}.Debug|Any CPU.ActiveCfg = Debug|Any CPU
		{EDBD4FE9-7DED-4FA1-83D1-B416783E6805}.Debug|Any CPU.Build.0 = Debug|Any CPU
		{EDBD4FE9-7DED-4FA1-83D1-B416783E6805}.Release|Any CPU.ActiveCfg = Release|Any CPU
		{EDBD4FE9-7DED-4FA1-83D1-B416783E6805}.Release|Any CPU.Build.0 = Release|Any CPU
	EndGlobalSection
	GlobalSection(SolutionProperties) = preSolution
		HideSolutionNode = FALSE
	EndGlobalSection
	GlobalSection(ExtensibilityGlobals) = postSolution
		SolutionGuid = {7DC7ABA5-1900-4E42-987F-D11B1FECE634}
	EndGlobalSection
EndGlobal
